%{"conform": {:hex, :conform, "0.13.0"},
  "csv": {:git, "git://github.com/beatrichartz/csv.git", "36b048ef4103ab5be0e39669cd627f34cd5543d1", [tag: "36b048ef4103ab5be0e39669cd627f34cd5543d1"]},
  "csvex": {:git, "git://github.com/timCF/csvex.git", "234c1c9ee32ce68c99a01134556aa623066ff6c8", []},
  "exactor": {:git, "git://github.com/sasa1977/exactor.git", "0467f8100bc735405d597dbf94996195eb31e0b6", [tag: "0467f8100bc735405d597dbf94996195eb31e0b6"]},
  "exrm": {:git, "git://github.com/bitwalker/exrm.git", "bebc97c7707b6019a2790132b16653418f25afdc", [tag: "bebc97c7707b6019a2790132b16653418f25afdc"]},
  "extask": {:git, "git://github.com/timCF/extask.git", "691cc1a515750bead8b81ed6c13cddbcf115d754", []},
  "exutils": {:git, "https://github.com/timCF/exutils.git", "950b1367335edcec73d863ddf8d9668c4cbafb80", []},
  "hashex": {:git, "git://github.com/timCF/hashex.git", "cc6b4307daa1ab18c94cdd33bf3cb8a3dab28b96", []},
  "logex": {:git, "git://github.com/timCF/logex.git", "074e631a59f689bc8b52b803f1a6ecc1819e8240", []},
  "ossp_uuid": {:git, "git://github.com/yrashk/erlang-ossp-uuid.git", "a279ce337dce5d6d5bebfacd61b9ba08ecddfe0d", []},
  "quickrand": {:hex, :quickrand, "1.5.0"},
  "silverb": {:git, "git://github.com/timCF/silverb.git", "1ea39cd1bb63c2d99cacca954e0c8f2788961686", []},
  "tinca": {:git, "git://github.com/timCF/tinca.git", "dc65918473de04eef8340e9500754811882c5515", []},
  "uuid": {:git, "https://github.com/okeuday/uuid.git", "24325ae6309d03897735c3a320aab6f74b189ab7", []}}
